
Microsoft Visual Studio Solution File, Format Version 12.00
# Visual Studio Version 17
VisualStudioVersion = 17.0.31903.59
MinimumVisualStudioVersion = 10.0.40219.1
Project("{FAE04EC0-301F-11D3-BF4B-00C04F79EFBC}") = "Paaralan", "Paaralan\Paaralan.csproj", "{9F4D68EA-66AF-4A44-AFFA-2441F28F30DE}"
EndProject
Project("{FAE04EC0-301F-11D3-BF4B-00C04F79EFBC}") = "Paaralan.EF", "Paaralan.EF\Paaralan.EF.csproj", "{EC36347F-D2B8-4C37-8C61-B13826772380}"
EndProject
Project("{FAE04EC0-301F-11D3-BF4B-00C04F79EFBC}") = "Paaralan.WebAPI", "Paaralan.WebAPI\Paaralan.WebAPI.csproj", "{41BA0D03-7284-4888-9289-64DB024EF056}"
EndProject
Project("{FAE04EC0-301F-11D3-BF4B-00C04F79EFBC}") = "Paaralan.WebAPI.Server", "Paaralan.WebAPI.Server\Paaralan.WebAPI.Server.csproj", "{9529E335-DF77-4320-8C28-BB1AB38ACE70}"
EndProject
Global
	GlobalSection(SolutionConfigurationPlatforms) = preSolution
		Debug|Any CPU = Debug|Any CPU
		Release|Any CPU = Release|Any CPU
	EndGlobalSection
	GlobalSection(SolutionProperties) = preSolution
		HideSolutionNode = FALSE
	EndGlobalSection
	GlobalSection(ProjectConfigurationPlatforms) = postSolution
		{9F4D68EA-66AF-4A44-AFFA-2441F28F30DE}.Debug|Any CPU.ActiveCfg = Debug|Any CPU
		{9F4D68EA-66AF-4A44-AFFA-2441F28F30DE}.Debug|Any CPU.Build.0 = Debug|Any CPU
		{9F4D68EA-66AF-4A44-AFFA-2441F28F30DE}.Release|Any CPU.ActiveCfg = Release|Any CPU
		{9F4D68EA-66AF-4A44-AFFA-2441F28F30DE}.Release|Any CPU.Build.0 = Release|Any CPU
		{EC36347F-D2B8-4C37-8C61-B13826772380}.Debug|Any CPU.ActiveCfg = Debug|Any CPU
		{EC36347F-D2B8-4C37-8C61-B13826772380}.Debug|Any CPU.Build.0 = Debug|Any CPU
		{EC36347F-D2B8-4C37-8C61-B13826772380}.Release|Any CPU.ActiveCfg = Release|Any CPU
		{EC36347F-D2B8-4C37-8C61-B13826772380}.Release|Any CPU.Build.0 = Release|Any CPU
		{41BA0D03-7284-4888-9289-64DB024EF056}.Debug|Any CPU.ActiveCfg = Debug|Any CPU
		{41BA0D03-7284-4888-9289-64DB024EF056}.Debug|Any CPU.Build.0 = Debug|Any CPU
		{41BA0D03-7284-4888-9289-64DB024EF056}.Release|Any CPU.ActiveCfg = Release|Any CPU
		{41BA0D03-7284-4888-9289-64DB024EF056}.Release|Any CPU.Build.0 = Release|Any CPU
		{9529E335-DF77-4320-8C28-BB1AB38ACE70}.Debug|Any CPU.ActiveCfg = Debug|Any CPU
		{9529E335-DF77-4320-8C28-BB1AB38ACE70}.Debug|Any CPU.Build.0 = Debug|Any CPU
		{9529E335-DF77-4320-8C28-BB1AB38ACE70}.Release|Any CPU.ActiveCfg = Release|Any CPU
		{9529E335-DF77-4320-8C28-BB1AB38ACE70}.Release|Any CPU.Build.0 = Release|Any CPU
	EndGlobalSection
EndGlobal
